
Microsoft Visual Studio Solution File, Format Version 12.00
# Visual Studio Version 16
VisualStudioVersion = 16.0.29424.173
MinimumVisualStudioVersion = 10.0.40219.1
Project("{8BC9CEB8-8B4A-11D0-8D11-00A0C91BC942}") = "freq01", "build\vs19\freq01.vcxproj", "{08257B64-948B-42C0-8949-54E6099FF89C}"
EndProject
Global
	GlobalSection(SolutionConfigurationPlatforms) = preSolution
		Debug|x64 = Debug|x64
		Debug|x86 = Debug|x86
		Release|x64 = Release|x64
		Release|x86 = Release|x86
	EndGlobalSection
	GlobalSection(ProjectConfigurationPlatforms) = postSolution
		{08257B64-948B-42C0-8949-54E6099FF89C}.Debug|x64.ActiveCfg = Debug|x64
		{08257B64-948B-42C0-8949-54E6099FF89C}.Debug|x64.Build.0 = Debug|x64
		{08257B64-948B-42C0-8949-54E6099FF89C}.Debug|x86.ActiveCfg = Debug|Win32
		{08257B64-948B-42C0-8949-54E6099FF89C}.Debug|x86.Build.0 = Debug|Win32
		{08257B64-948B-42C0-8949-54E6099FF89C}.Release|x64.ActiveCfg = Release|x64
		{08257B64-948B-42C0-8949-54E6099FF89C}.Release|x64.Build.0 = Release|x64
		{08257B64-948B-42C0-8949-54E6099FF89C}.Release|x86.ActiveCfg = Release|Win32
		{08257B64-948B-42C0-8949-54E6099FF89C}.Release|x86.Build.0 = Release|Win32
	EndGlobalSection
	GlobalSection(SolutionProperties) = preSolution
		HideSolutionNode = FALSE
	EndGlobalSection
	GlobalSection(ExtensibilityGlobals) = postSolution
		SolutionGuid = {C7FD1AC7-22E4-4833-8AF3-A3B3E81BCE69}
	EndGlobalSection
EndGlobal
